
Microsoft Visual Studio Solution File, Format Version 12.00
# Visual Studio Version 16
VisualStudioVersion = 16.0.31005.135
MinimumVisualStudioVersion = 10.0.40219.1
Project("{FAE04EC0-301F-11D3-BF4B-00C04F79EFBC}") = "Provocq", "Provocq\Provocq.csproj", "{66085FF3-9D02-49EB-9E86-4EB3D9A62CB3}"
EndProject
Global
	GlobalSection(SolutionConfigurationPlatforms) = preSolution
		Debug|Any CPU = Debug|Any CPU
		Release|Any CPU = Release|Any CPU
	EndGlobalSection
	GlobalSection(ProjectConfigurationPlatforms) = postSolution
		{66085FF3-9D02-49EB-9E86-4EB3D9A62CB3}.Debug|Any CPU.ActiveCfg = Debug|Any CPU
		{66085FF3-9D02-49EB-9E86-4EB3D9A62CB3}.Debug|Any CPU.Build.0 = Debug|Any CPU
		{66085FF3-9D02-49EB-9E86-4EB3D9A62CB3}.Release|Any CPU.ActiveCfg = Release|Any CPU
		{66085FF3-9D02-49EB-9E86-4EB3D9A62CB3}.Release|Any CPU.Build.0 = Release|Any CPU
	EndGlobalSection
	GlobalSection(SolutionProperties) = preSolution
		HideSolutionNode = FALSE
	EndGlobalSection
	GlobalSection(ExtensibilityGlobals) = postSolution
		SolutionGuid = {EA86528C-4B32-47C7-AC5B-974B40D023C8}
	EndGlobalSection
EndGlobal
